
Microsoft Visual Studio Solution File, Format Version 12.00
# Visual Studio Version 16
VisualStudioVersion = 16.0.30611.23
MinimumVisualStudioVersion = 10.0.40219.1
Project("{FAE04EC0-301F-11D3-BF4B-00C04F79EFBC}") = "MultiDimensionalArrays", "MultiDimensionalArrays\MultiDimensionalArrays.csproj", "{609E3ECB-AB6B-4EB7-969C-93EA5C69D10E}"
EndProject
Global
	GlobalSection(SolutionConfigurationPlatforms) = preSolution
		Debug|Any CPU = Debug|Any CPU
		Release|Any CPU = Release|Any CPU
	EndGlobalSection
	GlobalSection(ProjectConfigurationPlatforms) = postSolution
		{609E3ECB-AB6B-4EB7-969C-93EA5C69D10E}.Debug|Any CPU.ActiveCfg = Debug|Any CPU
		{609E3ECB-AB6B-4EB7-969C-93EA5C69D10E}.Debug|Any CPU.Build.0 = Debug|Any CPU
		{609E3ECB-AB6B-4EB7-969C-93EA5C69D10E}.Release|Any CPU.ActiveCfg = Release|Any CPU
		{609E3ECB-AB6B-4EB7-969C-93EA5C69D10E}.Release|Any CPU.Build.0 = Release|Any CPU
	EndGlobalSection
	GlobalSection(SolutionProperties) = preSolution
		HideSolutionNode = FALSE
	EndGlobalSection
	GlobalSection(ExtensibilityGlobals) = postSolution
		SolutionGuid = {AB3E29BB-1532-44A7-B838-91D4D1267572}
	EndGlobalSection
EndGlobal
